
Microsoft Visual Studio Solution File, Format Version 12.00
# Visual Studio Version 17
VisualStudioVersion = 17.2.32519.379
MinimumVisualStudioVersion = 10.0.40219.1
Project("{FAE04EC0-301F-11D3-BF4B-00C04F79EFBC}") = "1406HomeworkImSoTiredBruhhhhhhh", "1406HomeworkImSoTiredBruhhhhhhh\1406HomeworkImSoTiredBruhhhhhhh.csproj", "{F9C2D97B-97CB-4DA5-8154-44D03236B693}"
EndProject
Global
	GlobalSection(SolutionConfigurationPlatforms) = preSolution
		Debug|Any CPU = Debug|Any CPU
		Release|Any CPU = Release|Any CPU
	EndGlobalSection
	GlobalSection(ProjectConfigurationPlatforms) = postSolution
		{F9C2D97B-97CB-4DA5-8154-44D03236B693}.Debug|Any CPU.ActiveCfg = Debug|Any CPU
		{F9C2D97B-97CB-4DA5-8154-44D03236B693}.Debug|Any CPU.Build.0 = Debug|Any CPU
		{F9C2D97B-97CB-4DA5-8154-44D03236B693}.Release|Any CPU.ActiveCfg = Release|Any CPU
		{F9C2D97B-97CB-4DA5-8154-44D03236B693}.Release|Any CPU.Build.0 = Release|Any CPU
	EndGlobalSection
	GlobalSection(SolutionProperties) = preSolution
		HideSolutionNode = FALSE
	EndGlobalSection
	GlobalSection(ExtensibilityGlobals) = postSolution
		SolutionGuid = {5CB4CFCB-489E-490D-A09C-DE230CADD9B4}
	EndGlobalSection
EndGlobal
